# Generated by pub
# See https://dart.dev/tools/pub/glossary#lockfile
packages:
  archive:
    dependency: transitive
    description:
      name: archive
      sha256: f06332efd7b0886705a929c5d3b52cda4d6d0979627c1dbe9a18fc24becf50ae
      url: "https://pub.dev"
    source: hosted
    version: "2.0.13"
  args:
    dependency: transitive
    description:
      name: args
      sha256: "6ba785824030bc97154264652acfd6a2dc699cd85f6def708fb7534d23ef1348"
      url: "https://pub.dev"
    source: hosted
    version: "1.6.0"
  async:
    dependency: transitive
    description:
      name: async
      sha256: bfe67ef28df125b7dddcea62755991f807aa39a2492a23e1550161692950bbe0
      url: "https://pub.dev"
    source: hosted
    version: "2.10.0"
  boolean_selector:
    dependency: transitive
    description:
      name: boolean_selector
      sha256: "6cfb5af12253eaf2b368f07bacc5a80d1301a071c73360d746b7f2e32d762c66"
      url: "https://pub.dev"
    source: hosted
    version: "2.1.1"
  characters:
    dependency: transitive
    description:
      name: characters
      sha256: e6a326c8af69605aec75ed6c187d06b349707a27fbff8222ca9cc2cff167975c
      url: "https://pub.dev"
    source: hosted
    version: "1.2.1"
  charcode:
    dependency: transitive
    description:
      name: charcode
      sha256: fb98c0f6d12c920a02ee2d998da788bca066ca5f148492b7085ee23372b12306
      url: "https://pub.dev"
    source: hosted
    version: "1.3.1"
  charts_common:
    dependency: transitive
    description:
      name: charts_common
      sha256: "0e8f26e7049dc51ca11110f34a2820d87ba8dac506577feafb9f300367230e1e"
      url: "https://pub.dev"
    source: hosted
    version: "0.9.0"
  charts_flutter:
    dependency: "direct dev"
    description:
      name: charts_flutter
      sha256: "0d3893375e9fc45cba487a31d1d22fb4b0c7e68098ae9f7010f27cec6fbb0856"
      url: "https://pub.dev"
    source: hosted
    version: "0.9.0"
  clock:
    dependency: transitive
    description:
      name: clock
      sha256: cb6d7f03e1de671e34607e909a7213e31d7752be4fb66a86d29fe1eb14bfb5cf
      url: "https://pub.dev"
    source: hosted
    version: "1.1.1"
  cloud_firestore:
    dependency: "direct dev"
    description:
      name: cloud_firestore
      sha256: "63df0b34b0ac63f2bdf17bd23d17f145cda2a93af56564ccc80f631d7b917fbc"
      url: "https://pub.dev"
    source: hosted
    version: "0.14.4"
  cloud_firestore_platform_interface:
    dependency: transitive
    description:
      name: cloud_firestore_platform_interface
      sha256: "1efba0ea6d677e4e7d03b90f5ab6ea76b2b4d87048a06ef84edfbf6105abb8d3"
      url: "https://pub.dev"
    source: hosted
    version: "2.2.1"
  cloud_firestore_web:
    dependency: transitive
    description:
      name: cloud_firestore_web
      sha256: f96079ebc744099e362b45511890c6fabeadaed04f1a068cb36048c1c37dbe71
      url: "https://pub.dev"
    source: hosted
    version: "0.2.1+2"
  cloud_functions:
    dependency: "direct dev"
    description:
      name: cloud_functions
      sha256: d72ba178d60598713751e6b786c05198a3891e35f3ffb06cf31e9b00a25c1f97
      url: "https://pub.dev"
    source: hosted
    version: "0.7.2"
  cloud_functions_platform_interface:
    dependency: transitive
    description:
      name: cloud_functions_platform_interface
      sha256: "7777e3b9b69fbd87dab08f54d2fe10e6c9ca74a5653fb61839ac73f550b96e51"
      url: "https://pub.dev"
    source: hosted
    version: "3.0.3"
  cloud_functions_web:
    dependency: transitive
    description:
      name: cloud_functions_web
      sha256: "341da13158dcab3ede596d9d7e4b819789d1b8c72c907b8d4e45a3831cf3134e"
      url: "https://pub.dev"
    source: hosted
    version: "3.1.1"
  collection:
    dependency: transitive
    description:
      name: collection
      sha256: cfc915e6923fe5ce6e153b0723c753045de46de1b4d63771530504004a45fae0
      url: "https://pub.dev"
    source: hosted
    version: "1.17.0"
  convert:
    dependency: transitive
    description:
      name: convert
      sha256: "3fa83bc417e26f1d55814443a603747d48e3cdf55b2f4fea27dea8e9224dcefd"
      url: "https://pub.dev"
    source: hosted
    version: "2.1.1"
  crypto:
    dependency: transitive
    description:
      name: crypto
      sha256: "3ce628f3c6a7144be6c524dbb20ca5af52fa59c850c587bf5e52cd70ece8e7e8"
      url: "https://pub.dev"
    source: hosted
    version: "2.1.5"
  cupertino_icons:
    dependency: "direct main"
    description:
      name: cupertino_icons
      sha256: e35129dc44c9118cee2a5603506d823bab99c68393879edb440e0090d07586be
      url: "https://pub.dev"
    source: hosted
    version: "1.0.5"
  date_time_picker:
    dependency: "direct dev"
    description:
      name: date_time_picker
      sha256: "9b19cf55b5ae8b5b9014e17bd11ef55c7571c748a5f4f0065ff42c0a38d70a89"
      url: "https://pub.dev"
    source: hosted
    version: "1.1.1"
  fake_async:
    dependency: transitive
    description:
      name: fake_async
      sha256: "511392330127add0b769b75a987850d136345d9227c6b94c96a04cf4a391bf78"
      url: "https://pub.dev"
    source: hosted
    version: "1.3.1"
  ffi:
    dependency: transitive
    description:
      name: ffi
      sha256: a38574032c5f1dd06c4aee541789906c12ccaab8ba01446e800d9c5b79c4a978
      url: "https://pub.dev"
    source: hosted
    version: "2.0.1"
  file:
    dependency: transitive
    description:
      name: file
      sha256: "1b92bec4fc2a72f59a8e15af5f52cd441e4a7860b49499d69dfa817af20e925d"
      url: "https://pub.dev"
    source: hosted
    version: "6.1.4"
  firebase_auth:
    dependency: "direct dev"
    description:
      name: firebase_auth
      sha256: a6dffe01f458a0052d767e8351b4991f4c8ca8b441fda285789642743132a60e
      url: "https://pub.dev"
    source: hosted
    version: "0.18.4+1"
  firebase_auth_platform_interface:
    dependency: transitive
    description:
      name: firebase_auth_platform_interface
      sha256: e14502c6cb3f147fcab624b0af3adc7c0cd8ad6558496313c4cc599618517ec5
      url: "https://pub.dev"
    source: hosted
    version: "2.1.4"
  firebase_auth_web:
    dependency: transitive
    description:
      name: firebase_auth_web
      sha256: "33798b89244db802abc1164eba750e870adadc68dad8532b16a8121974debcef"
      url: "https://pub.dev"
    source: hosted
    version: "0.3.2+3"
  firebase_core:
    dependency: "direct dev"
    description:
      name: firebase_core
      sha256: bdba9a7ed4a2693498e76bf05facb186d944dd6691ebb6d2efa1d63d04a50318
      url: "https://pub.dev"
    source: hosted
    version: "0.5.3"
  firebase_core_platform_interface:
    dependency: transitive
    description:
      name: firebase_core_platform_interface
      sha256: bd0e7855c1c127d0f4e4767c3fd9d770c0ba4598e0cf10f2df2c1ffe5fb2c318
      url: "https://pub.dev"
    source: hosted
    version: "2.1.0"
  firebase_core_web:
    dependency: transitive
    description:
      name: firebase_core_web
      sha256: "0e45dac298d84373d82d9d302363842b2a46cbc859a23ae19cdce1d40162dde7"
      url: "https://pub.dev"
    source: hosted
    version: "0.2.1+1"
  firebase_storage:
    dependency: "direct dev"
    description:
      name: firebase_storage
      sha256: "9bf7d0b13756c221bed7c3e26e671427f0ed8659755a12cd706c5e9c4df994d3"
      url: "https://pub.dev"
    source: hosted
    version: "5.2.0"
  firebase_storage_platform_interface:
    dependency: transitive
    description:
      name: firebase_storage_platform_interface
      sha256: d7a0fb8d136760c2bae2e6d69c256a6657d869d204bef743a9d6674027267578
      url: "https://pub.dev"
    source: hosted
    version: "1.0.2"
  firebase_storage_web:
    dependency: transitive
    description:
      name: firebase_storage_web
      sha256: d8aad2b21b02e95bd040565a587e103630519226b0da18aa0ef19a2822deea16
      url: "https://pub.dev"
    source: hosted
    version: "0.1.1+1"
  flutter:
    dependency: "direct main"
    description: flutter
    source: sdk
    version: "0.0.0"
  flutter_easyloading:
    dependency: "direct dev"
    description:
      name: flutter_easyloading
      sha256: "5b89f147a250ee7d1d6d549b0b5dcc1c2145b1293d1b03d6027e498612befc62"
      url: "https://pub.dev"
    source: hosted
    version: "2.2.2"
  flutter_launcher_icons:
    dependency: "direct dev"
    description:
      name: flutter_launcher_icons
      sha256: "75fa1d3d2b0ca6a04bbaa66ba2779f208747a995c42cbf500e42f120c9217c5f"
      url: "https://pub.dev"
    source: hosted
    version: "0.8.1"
  flutter_launcher_name:
    dependency: "direct dev"
    description:
      name: flutter_launcher_name
      sha256: "046719387d31f32d504c9e15b334b64eab5832497c381033038cdf3ae24cc3e8"
      url: "https://pub.dev"
    source: hosted
    version: "0.0.1"
  flutter_plugin_android_lifecycle:
    dependency: transitive
    description:
      name: flutter_plugin_android_lifecycle
      sha256: f64fc84e913a3c225588724c811f5f6600562d17fc6f6cea7fda264fc93361ae
      url: "https://pub.dev"
    source: hosted
    version: "1.0.11"
  flutter_spinkit:
    dependency: transitive
    description:
      name: flutter_spinkit
      sha256: "399fd2a76d47454f4a2bfcee07095ba21160469ba2b2959b4d1c1041a8f594c9"
      url: "https://pub.dev"
    source: hosted
    version: "4.1.2+1"
  flutter_test:
    dependency: "direct dev"
    description: flutter
    source: sdk
    version: "0.0.0"
  flutter_web_plugins:
    dependency: transitive
    description: flutter
    source: sdk
    version: "0.0.0"
  get:
    dependency: "direct dev"
    description:
      name: get
      sha256: e476dffba6f181fd7f48e9785fe000923392644ecd2b10365b631eef440ee833
      url: "https://pub.dev"
    source: hosted
    version: "3.26.0"
  google_fonts:
    dependency: "direct dev"
    description:
      name: google_fonts
      sha256: fef0a13852ef800c53188b35d559378f445d8cfab24d9c88830eb88e14840900
      url: "https://pub.dev"
    source: hosted
    version: "1.1.2"
  http:
    dependency: "direct dev"
    description:
      name: http
      sha256: "411262398b34f52b9baac4860a1aa6e4779037ba9289c19b4cd16928efa97a2b"
      url: "https://pub.dev"
    source: hosted
    version: "0.12.2"
  http_parser:
    dependency: transitive
    description:
      name: http_parser
      sha256: "9d2b0626e9e402fc98e6868360da8f256064d6c0b8e4c3edcca5e02fb0b95da9"
      url: "https://pub.dev"
    source: hosted
    version: "3.1.4"
  image:
    dependency: transitive
    description:
      name: image
      sha256: "3ef4d4b6eb16111f24314f6f85a8852ebb5f6f85ae51ed2bca72edc273c16734"
      url: "https://pub.dev"
    source: hosted
    version: "2.1.19"
  image_picker:
    dependency: "direct dev"
    description:
      name: image_picker
      sha256: "751a0922616fa8cccd3947018f01a286d0214a29f5a161eebc8e6280035668f4"
      url: "https://pub.dev"
    source: hosted
    version: "0.6.7+22"
  image_picker_platform_interface:
    dependency: transitive
    description:
      name: image_picker_platform_interface
      sha256: "4e54be077192d03ba1d8307d876e7a2df46cbc1f29e7601d64049fff0609e0f8"
      url: "https://pub.dev"
    source: hosted
    version: "1.1.6"
  intl:
    dependency: transitive
    description:
      name: intl
      sha256: "4691515bb3f68ebbc4776bc97a84d429bb8e8c141a77b5ab988a4b02adb1747a"
      url: "https://pub.dev"
    source: hosted
    version: "0.16.1"
  js:
    dependency: transitive
    description:
      name: js
      sha256: "5528c2f391ededb7775ec1daa69e65a2d61276f7552de2b5f7b8d34ee9fd4ab7"
      url: "https://pub.dev"
    source: hosted
    version: "0.6.5"
  loading:
    dependency: "direct dev"
    description:
      name: loading
      sha256: a34e708ddafd2b6939a0e6544cce7311244cd17067c72da3401de2319527a424
      url: "https://pub.dev"
    source: hosted
    version: "1.0.2"
  logging:
    dependency: transitive
    description:
      name: logging
      sha256: "04094f2eb032cbb06c6f6e8d3607edcfcb0455e2bb6cbc010cb01171dcb64e6d"
      url: "https://pub.dev"
    source: hosted
    version: "1.1.1"
  matcher:
    dependency: transitive
    description:
      name: matcher
      sha256: "16db949ceee371e9b99d22f88fa3a73c4e59fd0afed0bd25fc336eb76c198b72"
      url: "https://pub.dev"
    source: hosted
    version: "0.12.13"
  material_color_utilities:
    dependency: transitive
    description:
      name: material_color_utilities
      sha256: d92141dc6fe1dad30722f9aa826c7fbc896d021d792f80678280601aff8cf724
      url: "https://pub.dev"
    source: hosted
    version: "0.2.0"
  meta:
    dependency: transitive
    description:
      name: meta
      sha256: "6c268b42ed578a53088d834796959e4a1814b5e9e164f147f580a386e5decf42"
      url: "https://pub.dev"
    source: hosted
    version: "1.8.0"
  path:
    dependency: transitive
    description:
      name: path
      sha256: db9d4f58c908a4ba5953fcee2ae317c94889433e5024c27ce74a37f94267945b
      url: "https://pub.dev"
    source: hosted
    version: "1.8.2"
  path_provider:
    dependency: transitive
    description:
      name: path_provider
      sha256: "050e8e85e4b7fecdf2bb3682c1c64c4887a183720c802d323de8a5fd76d372dd"
      url: "https://pub.dev"
    source: hosted
    version: "2.0.11"
  path_provider_android:
    dependency: transitive
    description:
      name: path_provider_android
      sha256: "1667b3926378bba6bbd1c8c4ddd68fab6a2825f27a285bd55370c1b12f21440a"
      url: "https://pub.dev"
    source: hosted
    version: "2.0.9"
  path_provider_ios:
    dependency: transitive
    description:
      name: path_provider_ios
      sha256: "03d639406f5343478352433f00d3c4394d52dac8df3d847869c5e2333e0bbce8"
      url: "https://pub.dev"
    source: hosted
    version: "2.0.11"
  path_provider_linux:
    dependency: transitive
    description:
      name: path_provider_linux
      sha256: "525ad5e07622d19447ad740b1ed5070031f7a5437f44355ae915ff56e986429a"
      url: "https://pub.dev"
    source: hosted
    version: "2.1.9"
  path_provider_macos:
    dependency: transitive
    description:
      name: path_provider_macos
      sha256: "4e9a9637dfeba8c35f598238c63adc6e77121b16d81ae97ad21b952a67c83a64"
      url: "https://pub.dev"
    source: hosted
    version: "2.0.3"
  path_provider_platform_interface:
    dependency: transitive
    description:
      name: path_provider_platform_interface
      sha256: "2e14fc474b8acfc4111ac8eb0e37c2fe70234f9f8cd796f1560d03aa1689fa51"
      url: "https://pub.dev"
    source: hosted
    version: "2.0.0"
  path_provider_windows:
    dependency: transitive
    description:
      name: path_provider_windows
      sha256: "642ddf65fde5404f83267e8459ddb4556316d3ee6d511ed193357e25caa3632d"
      url: "https://pub.dev"
    source: hosted
    version: "2.1.4"
  pedantic:
    dependency: transitive
    description:
      name: pedantic
      sha256: "67fc27ed9639506c856c840ccce7594d0bdcd91bc8d53d6e52359449a1d50602"
      url: "https://pub.dev"
    source: hosted
    version: "1.11.1"
  petitparser:
    dependency: transitive
    description:
      name: petitparser
      sha256: fe07f9345bf03ff0c881d1f5494e20cc40206780ca5dea86aab8037cb49af5f2
      url: "https://pub.dev"
    source: hosted
    version: "3.1.0"
  platform:
    dependency: transitive
    description:
      name: platform
      sha256: "4a451831508d7d6ca779f7ac6e212b4023dd5a7d08a27a63da33756410e32b76"
      url: "https://pub.dev"
    source: hosted
    version: "3.1.0"
  plugin_platform_interface:
    dependency: transitive
    description:
      name: plugin_platform_interface
      sha256: c3ebbff365bfb1b5f7b690c9857d2dabea167f35b05eb7586186499b407efb37
      url: "https://pub.dev"
    source: hosted
    version: "1.0.3"
  process:
    dependency: transitive
    description:
      name: process
      sha256: "53fd8db9cec1d37b0574e12f07520d582019cb6c44abf5479a01505099a34a09"
      url: "https://pub.dev"
    source: hosted
    version: "4.2.4"
  quiver:
    dependency: transitive
    description:
      name: quiver
      sha256: e83f7ad1e6375da1400b54eea8793bba804d1731d68c5694490bf9296cd3ca24
      url: "https://pub.dev"
    source: hosted
    version: "2.1.5"
  shimmer:
    dependency: "direct dev"
    description:
      name: shimmer
      sha256: cf3a663a5a9ef2c9603f28b1b57c52e456a55d262728ddf86bfdcaf5aa5309f7
      url: "https://pub.dev"
    source: hosted
    version: "1.1.2"
  sky_engine:
    dependency: transitive
    description: flutter
    source: sdk
    version: "0.0.99"
  source_span:
    dependency: transitive
    description:
      name: source_span
      sha256: dd904f795d4b4f3b870833847c461801f6750a9fa8e61ea5ac53f9422b31f250
      url: "https://pub.dev"
    source: hosted
    version: "1.9.1"
  splashscreen:
    dependency: "direct dev"
    description:
      name: splashscreen
      sha256: "4c7c83f972d98eb8a9f22f896b016923d632056f2e1e323047130d3d2eecd159"
      url: "https://pub.dev"
    source: hosted
    version: "1.3.5"
  stack_trace:
    dependency: transitive
    description:
      name: stack_trace
      sha256: c3c7d8edb15bee7f0f74debd4b9c5f3c2ea86766fe4178eb2a18eb30a0bdaed5
      url: "https://pub.dev"
    source: hosted
    version: "1.11.0"
  stream_channel:
    dependency: transitive
    description:
      name: stream_channel
      sha256: "83615bee9045c1d322bbbd1ba209b7a749c2cbcdcb3fdd1df8eb488b3279c1c8"
      url: "https://pub.dev"
    source: hosted
    version: "2.1.1"
  string_scanner:
    dependency: transitive
    description:
      name: string_scanner
      sha256: "556692adab6cfa87322a115640c11f13cb77b3f076ddcc5d6ae3c20242bedcde"
      url: "https://pub.dev"
    source: hosted
    version: "1.2.0"
  term_glyph:
    dependency: transitive
    description:
      name: term_glyph
      sha256: a29248a84fbb7c79282b40b8c72a1209db169a2e0542bce341da992fe1bc7e84
      url: "https://pub.dev"
    source: hosted
    version: "1.2.1"
  test_api:
    dependency: transitive
    description:
      name: test_api
      sha256: ad540f65f92caa91bf21dfc8ffb8c589d6e4dc0c2267818b4cc2792857706206
      url: "https://pub.dev"
    source: hosted
    version: "0.4.16"
  typed_data:
    dependency: transitive
    description:
      name: typed_data
      sha256: "26f87ade979c47a150c9eaab93ccd2bebe70a27dc0b4b29517f2904f04eb11a5"
      url: "https://pub.dev"
    source: hosted
    version: "1.3.1"
  vector_math:
    dependency: transitive
    description:
      name: vector_math
      sha256: "80b3257d1492ce4d091729e3a67a60407d227c27241d6927be0130c98e741803"
      url: "https://pub.dev"
    source: hosted
    version: "2.1.4"
  win32:
    dependency: transitive
    description:
      name: win32
      sha256: c9ebe7ee4ab0c2194e65d3a07d8c54c5d00bb001b76081c4a04cdb8448b59e46
      url: "https://pub.dev"
    source: hosted
    version: "3.1.3"
  xdg_directories:
    dependency: transitive
    description:
      name: xdg_directories
      sha256: ee1505df1426458f7f60aac270645098d318a8b4766d85fde75f76f2e21807d1
      url: "https://pub.dev"
    source: hosted
    version: "1.0.0"
  xml:
    dependency: transitive
    description:
      name: xml
      sha256: "4c4262c7dcf7b66fa8743cdfd37ccac03d6d50d3de4084b1a528de3107540752"
      url: "https://pub.dev"
    source: hosted
    version: "4.5.1"
  yaml:
    dependency: transitive
    description:
      name: yaml
      sha256: "5ec3d7ffef5a113f664e4c61c08508e23acb2d87021645468967200d684b9274"
      url: "https://pub.dev"
    source: hosted
    version: "2.2.1"
sdks:
  dart: ">=2.18.0 <3.0.0"
  flutter: ">=3.0.0"
